
Microsoft Visual Studio Solution File, Format Version 12.00
# Visual Studio 15
VisualStudioVersion = 15.0.28307.1000
MinimumVisualStudioVersion = 10.0.40219.1
Project("{FAE04EC0-301F-11D3-BF4B-00C04F79EFBC}") = "LF.Components.HMITest", "LF.Components\LF.Components.HMITest\LF.Components.HMITest.csproj", "{52C38F7B-773A-4826-88EE-3DA094899BDD}"
EndProject
Project("{FAE04EC0-301F-11D3-BF4B-00C04F79EFBC}") = "LF.Components", "LF.Components\LF.Components\LF.Components.csproj", "{DB6229F9-C02B-483D-B2F3-9398A07F6A6B}"
EndProject
Project("{FAE04EC0-301F-11D3-BF4B-00C04F79EFBC}") = "LF.Components.VisualStudio.Design", "LF.Components\LF.Components.VisualStudio.Design\LF.Components.VisualStudio.Design.csproj", "{98B490AB-4903-464A-BFBA-A710C52F360E}"
EndProject
Project("{FAE04EC0-301F-11D3-BF4B-00C04F79EFBC}") = "LF.Components.VW7.Design", "LF.Components\LF.Components.VW7.Design\LF.Components.VW7.Design.csproj", "{9DC3850C-6DEE-43A3-89EF-5A7C4EEDB853}"
EndProject
Project("{FAE04EC0-301F-11D3-BF4B-00C04F79EFBC}") = "LF.Components.Styles", "LF.Components\LF.Components.Styles\LF.Components.Styles.csproj", "{54A8CB52-4E1F-4B57-AE42-DC3A73729544}"
EndProject
Global
	GlobalSection(SolutionConfigurationPlatforms) = preSolution
		Debug|Any CPU = Debug|Any CPU
		Debug|Mixed Platforms = Debug|Mixed Platforms
		Debug|x86 = Debug|x86
		Release|Any CPU = Release|Any CPU
		Release|Mixed Platforms = Release|Mixed Platforms
		Release|x86 = Release|x86
	EndGlobalSection
	GlobalSection(ProjectConfigurationPlatforms) = postSolution
		{52C38F7B-773A-4826-88EE-3DA094899BDD}.Debug|Any CPU.ActiveCfg = Debug|x86
		{52C38F7B-773A-4826-88EE-3DA094899BDD}.Debug|Mixed Platforms.ActiveCfg = Debug|x86
		{52C38F7B-773A-4826-88EE-3DA094899BDD}.Debug|Mixed Platforms.Build.0 = Debug|x86
		{52C38F7B-773A-4826-88EE-3DA094899BDD}.Debug|x86.ActiveCfg = Debug|x86
		{52C38F7B-773A-4826-88EE-3DA094899BDD}.Debug|x86.Build.0 = Debug|x86
		{52C38F7B-773A-4826-88EE-3DA094899BDD}.Release|Any CPU.ActiveCfg = Release|x86
		{52C38F7B-773A-4826-88EE-3DA094899BDD}.Release|Mixed Platforms.ActiveCfg = Release|x86
		{52C38F7B-773A-4826-88EE-3DA094899BDD}.Release|Mixed Platforms.Build.0 = Release|x86
		{52C38F7B-773A-4826-88EE-3DA094899BDD}.Release|x86.ActiveCfg = Release|x86
		{52C38F7B-773A-4826-88EE-3DA094899BDD}.Release|x86.Build.0 = Release|x86
		{DB6229F9-C02B-483D-B2F3-9398A07F6A6B}.Debug|Any CPU.ActiveCfg = Debug|x86
		{DB6229F9-C02B-483D-B2F3-9398A07F6A6B}.Debug|Mixed Platforms.ActiveCfg = Debug|x86
		{DB6229F9-C02B-483D-B2F3-9398A07F6A6B}.Debug|Mixed Platforms.Build.0 = Debug|x86
		{DB6229F9-C02B-483D-B2F3-9398A07F6A6B}.Debug|x86.ActiveCfg = Debug|x86
		{DB6229F9-C02B-483D-B2F3-9398A07F6A6B}.Debug|x86.Build.0 = Debug|x86
		{DB6229F9-C02B-483D-B2F3-9398A07F6A6B}.Release|Any CPU.ActiveCfg = Release|x86
		{DB6229F9-C02B-483D-B2F3-9398A07F6A6B}.Release|Mixed Platforms.ActiveCfg = Release|x86
		{DB6229F9-C02B-483D-B2F3-9398A07F6A6B}.Release|Mixed Platforms.Build.0 = Release|x86
		{DB6229F9-C02B-483D-B2F3-9398A07F6A6B}.Release|x86.ActiveCfg = Release|x86
		{DB6229F9-C02B-483D-B2F3-9398A07F6A6B}.Release|x86.Build.0 = Release|x86
		{98B490AB-4903-464A-BFBA-A710C52F360E}.Debug|Any CPU.ActiveCfg = Debug|x86
		{98B490AB-4903-464A-BFBA-A710C52F360E}.Debug|Mixed Platforms.ActiveCfg = Debug|x86
		{98B490AB-4903-464A-BFBA-A710C52F360E}.Debug|Mixed Platforms.Build.0 = Debug|x86
		{98B490AB-4903-464A-BFBA-A710C52F360E}.Debug|x86.ActiveCfg = Debug|x86
		{98B490AB-4903-464A-BFBA-A710C52F360E}.Debug|x86.Build.0 = Debug|x86
		{98B490AB-4903-464A-BFBA-A710C52F360E}.Release|Any CPU.ActiveCfg = Release|x86
		{98B490AB-4903-464A-BFBA-A710C52F360E}.Release|Mixed Platforms.ActiveCfg = Release|x86
		{98B490AB-4903-464A-BFBA-A710C52F360E}.Release|Mixed Platforms.Build.0 = Release|x86
		{98B490AB-4903-464A-BFBA-A710C52F360E}.Release|x86.ActiveCfg = Release|x86
		{98B490AB-4903-464A-BFBA-A710C52F360E}.Release|x86.Build.0 = Release|x86
		{9DC3850C-6DEE-43A3-89EF-5A7C4EEDB853}.Debug|Any CPU.ActiveCfg = Debug|x86
		{9DC3850C-6DEE-43A3-89EF-5A7C4EEDB853}.Debug|Mixed Platforms.ActiveCfg = Debug|x86
		{9DC3850C-6DEE-43A3-89EF-5A7C4EEDB853}.Debug|Mixed Platforms.Build.0 = Debug|x86
		{9DC3850C-6DEE-43A3-89EF-5A7C4EEDB853}.Debug|x86.ActiveCfg = Debug|x86
		{9DC3850C-6DEE-43A3-89EF-5A7C4EEDB853}.Debug|x86.Build.0 = Debug|x86
		{9DC3850C-6DEE-43A3-89EF-5A7C4EEDB853}.Release|Any CPU.ActiveCfg = Release|x86
		{9DC3850C-6DEE-43A3-89EF-5A7C4EEDB853}.Release|Mixed Platforms.ActiveCfg = Release|x86
		{9DC3850C-6DEE-43A3-89EF-5A7C4EEDB853}.Release|Mixed Platforms.Build.0 = Release|x86
		{9DC3850C-6DEE-43A3-89EF-5A7C4EEDB853}.Release|x86.ActiveCfg = Release|x86
		{9DC3850C-6DEE-43A3-89EF-5A7C4EEDB853}.Release|x86.Build.0 = Release|x86
		{54A8CB52-4E1F-4B57-AE42-DC3A73729544}.Debug|Any CPU.ActiveCfg = Debug|x86
		{54A8CB52-4E1F-4B57-AE42-DC3A73729544}.Debug|Mixed Platforms.ActiveCfg = Debug|x86
		{54A8CB52-4E1F-4B57-AE42-DC3A73729544}.Debug|Mixed Platforms.Build.0 = Debug|x86
		{54A8CB52-4E1F-4B57-AE42-DC3A73729544}.Debug|x86.ActiveCfg = Debug|x86
		{54A8CB52-4E1F-4B57-AE42-DC3A73729544}.Debug|x86.Build.0 = Debug|x86
		{54A8CB52-4E1F-4B57-AE42-DC3A73729544}.Release|Any CPU.ActiveCfg = Release|x86
		{54A8CB52-4E1F-4B57-AE42-DC3A73729544}.Release|Mixed Platforms.ActiveCfg = Release|x86
		{54A8CB52-4E1F-4B57-AE42-DC3A73729544}.Release|Mixed Platforms.Build.0 = Release|x86
		{54A8CB52-4E1F-4B57-AE42-DC3A73729544}.Release|x86.ActiveCfg = Release|x86
		{54A8CB52-4E1F-4B57-AE42-DC3A73729544}.Release|x86.Build.0 = Release|x86
	EndGlobalSection
	GlobalSection(SolutionProperties) = preSolution
		HideSolutionNode = FALSE
	EndGlobalSection
	GlobalSection(ExtensibilityGlobals) = postSolution
		SolutionGuid = {FEFCC290-8D46-4665-9472-C511A892E7C9}
	EndGlobalSection
EndGlobal
